
Microsoft Visual Studio Solution File, Format Version 12.00
# Visual Studio Version 16
VisualStudioVersion = 16.0.33927.289
MinimumVisualStudioVersion = 10.0.40219.1
Project("{FAE04EC0-301F-11D3-BF4B-00C04F79EFBC}") = "qlshopthoitrangtreem", "qlshopthoitrangtreem\qlshopthoitrangtreem.csproj", "{C3F90F7F-6668-40FA-B9E3-51D0D9520C35}"
EndProject
Project("{FAE04EC0-301F-11D3-BF4B-00C04F79EFBC}") = "ThuVienControl", "ThuVienControl\ThuVienControl.csproj", "{52CE56A2-9BF6-438F-85BA-2D0220A12C49}"
EndProject
Project("{FAE04EC0-301F-11D3-BF4B-00C04F79EFBC}") = "QL_NguoiDung", "QL_NguoiDung\QL_NguoiDung.csproj", "{FB140D6E-FA62-478A-8DC7-54E162087EB6}"
EndProject
Global
	GlobalSection(SolutionConfigurationPlatforms) = preSolution
		Debug|Any CPU = Debug|Any CPU
		Release|Any CPU = Release|Any CPU
	EndGlobalSection
	GlobalSection(ProjectConfigurationPlatforms) = postSolution
		{C3F90F7F-6668-40FA-B9E3-51D0D9520C35}.Debug|Any CPU.ActiveCfg = Debug|Any CPU
		{C3F90F7F-6668-40FA-B9E3-51D0D9520C35}.Debug|Any CPU.Build.0 = Debug|Any CPU
		{C3F90F7F-6668-40FA-B9E3-51D0D9520C35}.Release|Any CPU.ActiveCfg = Release|Any CPU
		{C3F90F7F-6668-40FA-B9E3-51D0D9520C35}.Release|Any CPU.Build.0 = Release|Any CPU
		{52CE56A2-9BF6-438F-85BA-2D0220A12C49}.Debug|Any CPU.ActiveCfg = Debug|Any CPU
		{52CE56A2-9BF6-438F-85BA-2D0220A12C49}.Debug|Any CPU.Build.0 = Debug|Any CPU
		{52CE56A2-9BF6-438F-85BA-2D0220A12C49}.Release|Any CPU.ActiveCfg = Release|Any CPU
		{52CE56A2-9BF6-438F-85BA-2D0220A12C49}.Release|Any CPU.Build.0 = Release|Any CPU
		{FB140D6E-FA62-478A-8DC7-54E162087EB6}.Debug|Any CPU.ActiveCfg = Debug|Any CPU
		{FB140D6E-FA62-478A-8DC7-54E162087EB6}.Debug|Any CPU.Build.0 = Debug|Any CPU
		{FB140D6E-FA62-478A-8DC7-54E162087EB6}.Release|Any CPU.ActiveCfg = Release|Any CPU
		{FB140D6E-FA62-478A-8DC7-54E162087EB6}.Release|Any CPU.Build.0 = Release|Any CPU
	EndGlobalSection
	GlobalSection(SolutionProperties) = preSolution
		HideSolutionNode = FALSE
	EndGlobalSection
	GlobalSection(ExtensibilityGlobals) = postSolution
		SolutionGuid = {9EE53C71-B185-47BE-B03E-40A8C2B25F14}
	EndGlobalSection
EndGlobal
